
Microsoft Visual Studio Solution File, Format Version 12.00
# Visual Studio 14
VisualStudioVersion = 14.0.25420.1
MinimumVisualStudioVersion = 10.0.40219.1
Project("{FAE04EC0-301F-11D3-BF4B-00C04F79EFBC}") = "Tenis.Tests", "Tenis.Tests\Tenis.Tests.csproj", "{D3A5992B-738B-4624-B891-E1C87B2A93EF}"
EndProject
Project("{FAE04EC0-301F-11D3-BF4B-00C04F79EFBC}") = "Tennis.Web", "Tennis.Web\Tennis.Web.csproj", "{C8E321B9-D2F9-40A6-887B-D403953BB727}"
EndProject
Project("{FAE04EC0-301F-11D3-BF4B-00C04F79EFBC}") = "Tennis.Features", "Tennis.Features\Tennis.Features.csproj", "{14C7E27C-03BB-429C-B058-B2F19725B736}"
EndProject
Project("{FAE04EC0-301F-11D3-BF4B-00C04F79EFBC}") = "Tennis.UITests", "Tennis.UITests\Tennis.UITests.csproj", "{D5FB57A4-4BEE-41FB-8608-8C80E5E0CC1E}"
EndProject
Global
	GlobalSection(SolutionConfigurationPlatforms) = preSolution
		Debug|Any CPU = Debug|Any CPU
		Release|Any CPU = Release|Any CPU
	EndGlobalSection
	GlobalSection(ProjectConfigurationPlatforms) = postSolution
		{D3A5992B-738B-4624-B891-E1C87B2A93EF}.Debug|Any CPU.ActiveCfg = Debug|Any CPU
		{D3A5992B-738B-4624-B891-E1C87B2A93EF}.Debug|Any CPU.Build.0 = Debug|Any CPU
		{D3A5992B-738B-4624-B891-E1C87B2A93EF}.Release|Any CPU.ActiveCfg = Release|Any CPU
		{D3A5992B-738B-4624-B891-E1C87B2A93EF}.Release|Any CPU.Build.0 = Release|Any CPU
		{C8E321B9-D2F9-40A6-887B-D403953BB727}.Debug|Any CPU.ActiveCfg = Debug|Any CPU
		{C8E321B9-D2F9-40A6-887B-D403953BB727}.Debug|Any CPU.Build.0 = Debug|Any CPU
		{C8E321B9-D2F9-40A6-887B-D403953BB727}.Release|Any CPU.ActiveCfg = Release|Any CPU
		{C8E321B9-D2F9-40A6-887B-D403953BB727}.Release|Any CPU.Build.0 = Release|Any CPU
		{14C7E27C-03BB-429C-B058-B2F19725B736}.Debug|Any CPU.ActiveCfg = Debug|Any CPU
		{14C7E27C-03BB-429C-B058-B2F19725B736}.Debug|Any CPU.Build.0 = Debug|Any CPU
		{14C7E27C-03BB-429C-B058-B2F19725B736}.Release|Any CPU.ActiveCfg = Release|Any CPU
		{14C7E27C-03BB-429C-B058-B2F19725B736}.Release|Any CPU.Build.0 = Release|Any CPU
		{D5FB57A4-4BEE-41FB-8608-8C80E5E0CC1E}.Debug|Any CPU.ActiveCfg = Debug|Any CPU
		{D5FB57A4-4BEE-41FB-8608-8C80E5E0CC1E}.Debug|Any CPU.Build.0 = Debug|Any CPU
		{D5FB57A4-4BEE-41FB-8608-8C80E5E0CC1E}.Release|Any CPU.ActiveCfg = Release|Any CPU
		{D5FB57A4-4BEE-41FB-8608-8C80E5E0CC1E}.Release|Any CPU.Build.0 = Release|Any CPU
	EndGlobalSection
	GlobalSection(SolutionProperties) = preSolution
		HideSolutionNode = FALSE
	EndGlobalSection
EndGlobal
